
Microsoft Visual Studio Solution File, Format Version 12.00
# Visual Studio Version 17
VisualStudioVersion = 17.0.31903.59
MinimumVisualStudioVersion = 10.0.40219.1
Project("{9A19103F-16F7-4668-BE54-9A1E7A4F7556}") = "SignalClient", "SignalClient\SignalClient.csproj", "{51460DDA-F025-4031-AE90-08E693647757}"
EndProject
Project("{9A19103F-16F7-4668-BE54-9A1E7A4F7556}") = "SignalServer", "SignalServer\SignalServer.csproj", "{5DE9A018-505E-433A-B017-6A9569CD2DE7}"
EndProject
Project("{FAE04EC0-301F-11D3-BF4B-00C04F79EFBC}") = "Chat", "Chat\Chat.csproj", "{2B0FD29E-08E6-47D0-BA80-5B42C78F706A}"
EndProject
Global
	GlobalSection(SolutionConfigurationPlatforms) = preSolution
		Debug|Any CPU = Debug|Any CPU
		Release|Any CPU = Release|Any CPU
	EndGlobalSection
	GlobalSection(ProjectConfigurationPlatforms) = postSolution
		{51460DDA-F025-4031-AE90-08E693647757}.Debug|Any CPU.ActiveCfg = Debug|Any CPU
		{51460DDA-F025-4031-AE90-08E693647757}.Debug|Any CPU.Build.0 = Debug|Any CPU
		{51460DDA-F025-4031-AE90-08E693647757}.Release|Any CPU.ActiveCfg = Release|Any CPU
		{51460DDA-F025-4031-AE90-08E693647757}.Release|Any CPU.Build.0 = Release|Any CPU
		{5DE9A018-505E-433A-B017-6A9569CD2DE7}.Debug|Any CPU.ActiveCfg = Debug|Any CPU
		{5DE9A018-505E-433A-B017-6A9569CD2DE7}.Debug|Any CPU.Build.0 = Debug|Any CPU
		{5DE9A018-505E-433A-B017-6A9569CD2DE7}.Release|Any CPU.ActiveCfg = Release|Any CPU
		{5DE9A018-505E-433A-B017-6A9569CD2DE7}.Release|Any CPU.Build.0 = Release|Any CPU
		{2B0FD29E-08E6-47D0-BA80-5B42C78F706A}.Debug|Any CPU.ActiveCfg = Debug|Any CPU
		{2B0FD29E-08E6-47D0-BA80-5B42C78F706A}.Debug|Any CPU.Build.0 = Debug|Any CPU
		{2B0FD29E-08E6-47D0-BA80-5B42C78F706A}.Release|Any CPU.ActiveCfg = Release|Any CPU
		{2B0FD29E-08E6-47D0-BA80-5B42C78F706A}.Release|Any CPU.Build.0 = Release|Any CPU
	EndGlobalSection
	GlobalSection(SolutionProperties) = preSolution
		HideSolutionNode = FALSE
	EndGlobalSection
	GlobalSection(ExtensibilityGlobals) = postSolution
		SolutionGuid = {1C00F6C7-4699-4CCC-888A-9C186306F371}
	EndGlobalSection
EndGlobal
